
Microsoft Visual Studio Solution File, Format Version 12.00
# Visual Studio Version 17
VisualStudioVersion = 17.12.35707.178 d17.12
MinimumVisualStudioVersion = 10.0.40219.1
Project("{FAE04EC0-301F-11D3-BF4B-00C04F79EFBC}") = "Project_1_Semester_4", "Project_1_Semester_4\Project_1_Semester_4.csproj", "{DA8246C1-B967-484B-BF96-0F01725664F3}"
EndProject
Global
	GlobalSection(SolutionConfigurationPlatforms) = preSolution
		Debug|Any CPU = Debug|Any CPU
		Release|Any CPU = Release|Any CPU
	EndGlobalSection
	GlobalSection(ProjectConfigurationPlatforms) = postSolution
		{DA8246C1-B967-484B-BF96-0F01725664F3}.Debug|Any CPU.ActiveCfg = Debug|Any CPU
		{DA8246C1-B967-484B-BF96-0F01725664F3}.Debug|Any CPU.Build.0 = Debug|Any CPU
		{DA8246C1-B967-484B-BF96-0F01725664F3}.Release|Any CPU.ActiveCfg = Release|Any CPU
		{DA8246C1-B967-484B-BF96-0F01725664F3}.Release|Any CPU.Build.0 = Release|Any CPU
	EndGlobalSection
	GlobalSection(SolutionProperties) = preSolution
		HideSolutionNode = FALSE
	EndGlobalSection
EndGlobal
